%{"abnfc": {:git, "git://github.com/heroku/abnfc.git", "856c77cce8f0dd66bfe95f3ec4041f9f59b742bb", [branch: "master"]},
  "cowboy": {:git, "git://github.com/extend/cowboy.git", "e5170737d229a5b7bb6159d24ac10062fe8d6789", [branch: "1.0.x"]},
  "cowlib": {:git, "git://github.com/ninenines/cowlib.git", "d544a494af4dbc810fc9c15eaf5cc050cced1501", [ref: "1.0.0"]},
  "dnssd": {:git, "git://github.com/benoitc/dnssd_erlang.git", "d5862da78b2de281c3d8b537266c134decc65d76", [branch: "master"]},
  "ex_uri": {:git, "git://github.com/heroku/ex_uri.git", "16f26db7026493d2934f615f8884fad42675f00e", [branch: "master"]},
  "ezmq": {:git, "git://github.com/zeromq/ezmq.git", "48dfa301bc7feb7f0b9a8fbf3238ffbcc0e580c6", [branch: "master"]},
  "gen_listener_tcp": {:git, "https://github.com/travelping/gen_listener_tcp.git", "fb9626d172b09e6448d36f23e6055adf75189bfe", [branch: "master"]},
  "goldrush": {:hex, :goldrush, "0.1.6"},
  "hello": {:git, "git://github.com/travelping/hello.git", "9c26ef46b8e9264e77336e1022c2cd59967a1bb7", [branch: "hello_v3"]},
  "ibrowse": {:git, "git://github.com/cmullaparthi/ibrowse.git", "04566c70016f5a2a9a8b8ba6e6adf429e399c260", [branch: "master"]},
  "jsx": {:git, "git://github.com/liveforeverx/jsx.git", "ba77cccd494ac8568186c836e7cda0ed41c1c54d", [branch: "mix_compile"]},
  "lager": {:hex, :lager, "2.1.1"},
  "msgpack": {:git, "git://github.com/msgpack/msgpack-erlang.git", "c666a5f6568ac2e15687bb155442025dbb8b74ff", [branch: "master"]},
  "ranch": {:git, "git://github.com/ninenines/ranch.git", "adf1822defc2b7cfdc7aca112adabfa1d614043c", [ref: "1.0.0"]},
  "yang": {:git, "git://github.com/travelping/yang.git", "099b3224ce4d75574bb92a339ced3aa77b7766e0", [branch: "master"]}}
