%{"abnfc": {:git, "git://github.com/heroku/abnfc.git", "856c77cce8f0dd66bfe95f3ec4041f9f59b742bb", [branch: "master"]},
  "bbmustache": {:hex, :bbmustache, "1.0.1"},
  "bear": {:git, "git://github.com/boundary/bear.git", "119234548783af19b8ec75c879c5062676b92571", [tag: "0.8.2"]},
  "conform": {:hex, :conform, "0.16.0"},
  "coverex": {:hex, :coverex, "1.4.2"},
  "cowboy": {:hex, :cowboy, "1.0.2"},
  "cowlib": {:hex, :cowlib, "1.0.1"},
  "dnssd": {:git, "https://github.com/benoitc/dnssd_erlang.git", "9b2fdb7ff9618102d82f04e4c68ce191c9aa15ba", [branch: "master"]},
  "edown": {:git, "https://github.com/uwiger/edown.git", "8d7e7cac24fd9c3137cbd03fe36ce98eeff2ccac", [branch: "master"]},
  "erlware_commons": {:hex, :erlware_commons, "0.13.0"},
  "ex_uri": {:git, "https://github.com/heroku/ex_uri.git", "16f26db7026493d2934f615f8884fad42675f00e", [branch: "master"]},
  "exometer": {:git, "https://github.com/xerions/exometer.git", "7fe87f5d9e4afed6c047c5ee6126104dde4b18c0", [branch: "master"]},
  "exometer_core": {:git, "https://github.com/Feuerlabs/exometer_core.git", "7f2f871de9c773b025232e9546a8a5eca2c34cc2", [branch: "master"]},
  "exrm": {:hex, :exrm, "0.18.8"},
  "exrun": {:git, "https://github.com/liveforeverx/exrun.git", "fc516628906cb571f832ade2b484e2ed5df40cc6", []},
  "ezmq": {:git, "https://github.com/RoadRunnr/ezmq.git", "a77378f0cb716b5293be6f69bdc99ed137a509c4", [branch: "fix-socket-crash"]},
  "folsom": {:git, "git://github.com/boundary/folsom", "38e2cce7c64ce1f0a3a918d90394cfc0a940b1ba", [tag: "0.8.2"]},
  "gen_listener_tcp": {:git, "https://github.com/travelping/gen_listener_tcp.git", "3690477d108c7521f84a9af625ba73e525b989d6", [branch: "master"]},
  "getopt": {:hex, :getopt, "0.8.2"},
  "goldrush": {:hex, :goldrush, "0.1.6"},
  "hackney": {:hex, :hackney, "1.1.0"},
  "hello": {:git, "https://github.com/travelping/hello.git", "a1d0b03998ccdc8e19457a17559eee247c4f0a39", [branch: "master"]},
  "httpoison": {:hex, :httpoison, "0.7.2"},
  "idna": {:hex, :idna, "1.0.2"},
  "jsx": {:git, "https://github.com/liveforeverx/jsx.git", "ba77cccd494ac8568186c836e7cda0ed41c1c54d", [branch: "mix_compile"]},
  "lager": {:hex, :lager, "2.1.1"},
  "meck": {:hex, :meck, "0.8.3"},
  "metricman": {:git, "https://github.com/surik/metricman.git", "8a213bc3c0300fe574103f4eeb234f1055c755da", []},
  "mock": {:git, "https://github.com/jjh42/mock.git", "70ba88fe210cca3466696dc81834f3dbcd63f209", []},
  "msgpack": {:git, "https://github.com/msgpack/msgpack-erlang.git", "42bd13a9e4588590cb4736513be1c8673b9ba46b", [branch: "master"]},
  "neotoma": {:hex, :neotoma, "1.7.3"},
  "parse_trans": {:git, "git://github.com/uwiger/parse_trans.git", "a210adafdfbb904d156d8f22abd5fb58fc17de1e", [tag: "2.9.2"]},
  "poison": {:hex, :poison, "1.4.0"},
  "providers": {:hex, :providers, "1.4.1"},
  "ranch": {:hex, :ranch, "1.1.0"},
  "relx": {:hex, :relx, "3.1.0"},
  "setup": {:git, "git://github.com/uwiger/setup.git", "85447ca5eb671db0517a475791ac7fb3604bf44d", [tag: "1.5"]},
  "ssl_verify_hostname": {:hex, :ssl_verify_hostname, "1.0.5"},
  "yang": {:git, "https://github.com/travelping/yang.git", "922128924e7e62115ea7b36d8064b524e27e6615", [branch: "master"]}}
